<?xml version="1.0" encoding="utf-8"?>
<Project ToolsVersion="4.0" xmlns="http://schemas.microsoft.com/developer/msbuild/2003">
  <ItemGroup>
    <Filter Include="소스 파일">
      <UniqueIdentifier>{4FC737F1-C7A5-4376-A066-2A32D752A2FF}</UniqueIdentifier>
      <Extensions>cpp;c;cc;cxx;def;odl;idl;hpj;bat;asm;asmx</Extensions>
    </Filter>
    <Filter Include="헤더 파일">
      <UniqueIdentifier>{93995380-89BD-4b04-88EB-625FBE52EBFB}</UniqueIdentifier>
      <Extensions>h;hh;hpp;hxx;hm;inl;inc;xsd</Extensions>
    </Filter>
    <Filter Include="리소스 파일">
      <UniqueIdentifier>{67DA6AB6-F800-4c08-8B7A-83BB121AAD01}</UniqueIdentifier>
      <Extensions>rc;ico;cur;bmp;dlg;rc2;rct;bin;rgs;gif;jpg;jpeg;jpe;resx;tiff;tif;png;wav;mfcribbon-ms</Extensions>
    </Filter>
  </ItemGroup>
  <ItemGroup>
    <Text Include="ReadMe.txt" />
  </ItemGroup>
  <ItemGroup>
    <ClCompile Include="riskfactor\calendar\calendar.cpp">
      <Filter>소스 파일</Filter>
    </ClCompile>
    <ClCompile Include="riskfactor\archive\archiver.cpp">
      <Filter>소스 파일</Filter>
    </ClCompile>
    <ClCompile Include="riskfactor\covariance\covariance_ewma.cpp">
      <Filter>소스 파일</Filter>
    </ClCompile>
    <ClCompile Include="riskfactor\covariance\covariance_sma.cpp">
      <Filter>소스 파일</Filter>
    </ClCompile>
    <ClCompile Include="riskfactor\easylogging++\easylogging++.cc">
      <Filter>소스 파일</Filter>
    </ClCompile>
    <ClCompile Include="riskfactor\managers\calendar_manager.cpp">
      <Filter>소스 파일</Filter>
    </ClCompile>
    <ClCompile Include="riskfactor\managers\covariance_manager.cpp">
      <Filter>소스 파일</Filter>
    </ClCompile>
    <ClCompile Include="riskfactor\risk_factor\equity_price.cpp">
      <Filter>소스 파일</Filter>
    </ClCompile>
    <ClCompile Include="riskfactor\calendarical.cpp">
      <Filter>소스 파일</Filter>
    </ClCompile>
    <ClCompile Include="riskfactor\covariance.cpp">
      <Filter>소스 파일</Filter>
    </ClCompile>
    <ClCompile Include="riskfactor\risk_factor.cpp">
      <Filter>소스 파일</Filter>
    </ClCompile>
    <ClCompile Include="riskfactor\series_object.cpp">
      <Filter>소스 파일</Filter>
    </ClCompile>
    <ClCompile Include="riskfactor\instruments\linear_instrument.cpp">
      <Filter>소스 파일</Filter>
    </ClCompile>
    <ClCompile Include="riskfactor\instruments\equity.cpp">
      <Filter>소스 파일</Filter>
    </ClCompile>
    <ClCompile Include="riskfactor\instruments\linear_instrument_portfolio.cpp">
      <Filter>소스 파일</Filter>
    </ClCompile>
    <ClCompile Include="riskfactor\risk_factor\bond_yield.cpp">
      <Filter>소스 파일</Filter>
    </ClCompile>
    <ClCompile Include="riskfactor\instruments\tenored_bond.cpp">
      <Filter>소스 파일</Filter>
    </ClCompile>
    <ClCompile Include="riskfactor\date.cpp">
      <Filter>소스 파일</Filter>
    </ClCompile>
    <ClCompile Include="riskfactor\managers\linear_instrument_manager.cpp">
      <Filter>소스 파일</Filter>
    </ClCompile>
    <ClCompile Include="riskfactor\managers\risk_factor_manager.cpp">
      <Filter>소스 파일</Filter>
    </ClCompile>
  </ItemGroup>
  <ItemGroup>
    <ClInclude Include="riskfactor\patterns\singleton.hpp">
      <Filter>헤더 파일</Filter>
    </ClInclude>
    <ClInclude Include="riskfactor\types.hpp">
      <Filter>헤더 파일</Filter>
    </ClInclude>
    <ClInclude Include="riskfactor\weekday.hpp">
      <Filter>헤더 파일</Filter>
    </ClInclude>
    <ClInclude Include="riskfactor\timeseries.hpp">
      <Filter>헤더 파일</Filter>
    </ClInclude>
    <ClInclude Include="riskfactor\archivable.hpp">
      <Filter>헤더 파일</Filter>
    </ClInclude>
    <ClInclude Include="riskfactor\date.hpp">
      <Filter>헤더 파일</Filter>
    </ClInclude>
    <ClInclude Include="riskfactor\errors.hpp">
      <Filter>헤더 파일</Filter>
    </ClInclude>
    <ClInclude Include="riskfactor\named.hpp">
      <Filter>헤더 파일</Filter>
    </ClInclude>
    <ClInclude Include="riskfactor\calendar\calendar.hpp">
      <Filter>헤더 파일</Filter>
    </ClInclude>
    <ClInclude Include="riskfactor\calendar\calendar_tag.hpp">
      <Filter>헤더 파일</Filter>
    </ClInclude>
    <ClInclude Include="riskfactor\calendar\quantlib_calendar_factory.hpp">
      <Filter>헤더 파일</Filter>
    </ClInclude>
    <ClInclude Include="riskfactor\archive\archiver.hpp">
      <Filter>헤더 파일</Filter>
    </ClInclude>
    <ClInclude Include="riskfactor\covariance\covariance_ewma.hpp">
      <Filter>헤더 파일</Filter>
    </ClInclude>
    <ClInclude Include="riskfactor\covariance\covariance_sma.hpp">
      <Filter>헤더 파일</Filter>
    </ClInclude>
    <ClInclude Include="riskfactor\easylogging++\easylogging++.h">
      <Filter>헤더 파일</Filter>
    </ClInclude>
    <ClInclude Include="riskfactor\managers\calendar_manager.hpp">
      <Filter>헤더 파일</Filter>
    </ClInclude>
    <ClInclude Include="riskfactor\managers\covariance_manager.hpp">
      <Filter>헤더 파일</Filter>
    </ClInclude>
    <ClInclude Include="riskfactor\risk_factor\equity_price.hpp">
      <Filter>헤더 파일</Filter>
    </ClInclude>
    <ClInclude Include="riskfactor\argument.hpp">
      <Filter>헤더 파일</Filter>
    </ClInclude>
    <ClInclude Include="riskfactor\calendarical.hpp">
      <Filter>헤더 파일</Filter>
    </ClInclude>
    <ClInclude Include="riskfactor\covariance.hpp">
      <Filter>헤더 파일</Filter>
    </ClInclude>
    <ClInclude Include="riskfactor\risk_factor.hpp">
      <Filter>헤더 파일</Filter>
    </ClInclude>
    <ClInclude Include="riskfactor\series_object.hpp">
      <Filter>헤더 파일</Filter>
    </ClInclude>
    <ClInclude Include="riskfactor\utils\hash.hpp">
      <Filter>헤더 파일</Filter>
    </ClInclude>
    <ClInclude Include="backup\utils\hash.hpp">
      <Filter>헤더 파일</Filter>
    </ClInclude>
    <ClInclude Include="riskfactor\instruments\linear_instrument.hpp">
      <Filter>헤더 파일</Filter>
    </ClInclude>
    <ClInclude Include="riskfactor\instruments\equity.hpp">
      <Filter>헤더 파일</Filter>
    </ClInclude>
    <ClInclude Include="riskfactor\instruments\linear_instrument_portfolio.hpp">
      <Filter>헤더 파일</Filter>
    </ClInclude>
    <ClInclude Include="riskfactor\risk_factor\bond_yield.hpp">
      <Filter>헤더 파일</Filter>
    </ClInclude>
    <ClInclude Include="riskfactor\instruments\tenored_bond.hpp">
      <Filter>헤더 파일</Filter>
    </ClInclude>
    <ClInclude Include="riskfactor\instruments\cash.hpp">
      <Filter>헤더 파일</Filter>
    </ClInclude>
    <ClInclude Include="riskfactor\managers\linear_instrument_manager.hpp">
      <Filter>헤더 파일</Filter>
    </ClInclude>
    <ClInclude Include="riskfactor\managers\risk_factor_manager.hpp">
      <Filter>헤더 파일</Filter>
    </ClInclude>
    <ClInclude Include="riskfactor\utils\enable_shared_from_this.hpp">
      <Filter>헤더 파일</Filter>
    </ClInclude>
  </ItemGroup>
  <ItemGroup>
    <None Include="ClassDiagram.cd" />
  </ItemGroup>
</Project>